
Microsoft Visual Studio Solution File, Format Version 12.00
# Visual Studio Version 17
VisualStudioVersion = 17.6.33801.468
MinimumVisualStudioVersion = 10.0.40219.1
Project("{8BC9CEB8-8B4A-11D0-8D11-00A0C91BC942}") = "Cramer's Rule", "Cramer's Rule.vcxproj", "{E2C76636-21DB-471C-A20F-3BC8FD05A043}"
EndProject
Global
	GlobalSection(SolutionConfigurationPlatforms) = preSolution
		Debug|x64 = Debug|x64
		Debug|x86 = Debug|x86
		Release|x64 = Release|x64
		Release|x86 = Release|x86
	EndGlobalSection
	GlobalSection(ProjectConfigurationPlatforms) = postSolution
		{E2C76636-21DB-471C-A20F-3BC8FD05A043}.Debug|x64.ActiveCfg = Debug|x64
		{E2C76636-21DB-471C-A20F-3BC8FD05A043}.Debug|x64.Build.0 = Debug|x64
		{E2C76636-21DB-471C-A20F-3BC8FD05A043}.Debug|x86.ActiveCfg = Debug|Win32
		{E2C76636-21DB-471C-A20F-3BC8FD05A043}.Debug|x86.Build.0 = Debug|Win32
		{E2C76636-21DB-471C-A20F-3BC8FD05A043}.Release|x64.ActiveCfg = Release|x64
		{E2C76636-21DB-471C-A20F-3BC8FD05A043}.Release|x64.Build.0 = Release|x64
		{E2C76636-21DB-471C-A20F-3BC8FD05A043}.Release|x86.ActiveCfg = Release|Win32
		{E2C76636-21DB-471C-A20F-3BC8FD05A043}.Release|x86.Build.0 = Release|Win32
	EndGlobalSection
	GlobalSection(SolutionProperties) = preSolution
		HideSolutionNode = FALSE
	EndGlobalSection
	GlobalSection(ExtensibilityGlobals) = postSolution
		SolutionGuid = {9515BEF0-F8CD-490C-AE90-5A407F9326AA}
	EndGlobalSection
EndGlobal
